
Microsoft Visual Studio Solution File, Format Version 12.00
# Visual Studio Version 17
VisualStudioVersion = 17.11.35327.3
MinimumVisualStudioVersion = 10.0.40219.1
Project("{FAE04EC0-301F-11D3-BF4B-00C04F79EFBC}") = "KlasseOpgaver", "KlasseOpgaver.csproj", "{FC114C7E-9D99-49B4-B2FB-565FE794D530}"
EndProject
Global
	GlobalSection(SolutionConfigurationPlatforms) = preSolution
		Debug|Any CPU = Debug|Any CPU
		Release|Any CPU = Release|Any CPU
	EndGlobalSection
	GlobalSection(ProjectConfigurationPlatforms) = postSolution
		{FC114C7E-9D99-49B4-B2FB-565FE794D530}.Debug|Any CPU.ActiveCfg = Debug|Any CPU
		{FC114C7E-9D99-49B4-B2FB-565FE794D530}.Debug|Any CPU.Build.0 = Debug|Any CPU
		{FC114C7E-9D99-49B4-B2FB-565FE794D530}.Release|Any CPU.ActiveCfg = Release|Any CPU
		{FC114C7E-9D99-49B4-B2FB-565FE794D530}.Release|Any CPU.Build.0 = Release|Any CPU
	EndGlobalSection
	GlobalSection(SolutionProperties) = preSolution
		HideSolutionNode = FALSE
	EndGlobalSection
	GlobalSection(ExtensibilityGlobals) = postSolution
		SolutionGuid = {3A8CE6D2-13AA-4F67-AD21-CE036A302162}
	EndGlobalSection
EndGlobal
